PODS:
  - Flutter (1.0.0)
  - flutter_cast_video (0.0.1):
    - Flutter
    - google-cast-sdk-no-bluetooth
  - google-cast-sdk-no-bluetooth (4.7.0):
    - google-cast-sdk-no-bluetooth/Core (= 4.7.0)
    - Protobuf (~> 3.13)
  - google-cast-sdk-no-bluetooth/Core (4.7.0):
    - Protobuf (~> 3.13)
  - Protobuf (3.22.1)
  - video_player_avfoundation (0.0.1):
    - Flutter

DEPENDENCIES:
  - Flutter (from `Flutter`)
  - flutter_cast_video (from `.symlinks/plugins/flutter_cast_video/ios`)
  - video_player_avfoundation (from `.symlinks/plugins/video_player_avfoundation/ios`)

SPEC REPOS:
  trunk:
    - google-cast-sdk-no-bluetooth
    - Protobuf

EXTERNAL SOURCES:
  Flutter:
    :path: Flutter
  flutter_cast_video:
    :path: ".symlinks/plugins/flutter_cast_video/ios"
  video_player_avfoundation:
    :path: ".symlinks/plugins/video_player_avfoundation/ios"

SPEC CHECKSUMS:
  Flutter: f04841e97a9d0b0a8025694d0796dd46242b2854
  flutter_cast_video: f9643cc5e5a77e72cb4445c0c750f8776fbf7395
  google-cast-sdk-no-bluetooth: 5313156110d6e71fa336f6d742f1ee641e91fdca
  Protobuf: d7f7c8329edf5eb8af65547a8ba3e9c1cee927d5
  video_player_avfoundation: 81e49bb3d9fb63dccf9fa0f6d877dc3ddbeac126

PODFILE CHECKSUM: 4e8f8b2be68aeea4c0d5beb6ff1e79fface1d048

COCOAPODS: 1.12.0
